
Microsoft Visual Studio Solution File, Format Version 12.00
# Visual Studio Express 2012 for Web
Project("{FAE04EC0-301F-11D3-BF4B-00C04F79EFBC}") = "CredentialStorage.Data", "CredentialStorage.Data\CredentialStorage.Data.csproj", "{3D0091FA-D853-4DDF-82D6-3D228C74514B}"
EndProject
Global
	GlobalSection(SolutionConfigurationPlatforms) = preSolution
		Debug|Any CPU = Debug|Any CPU
		Release|Any CPU = Release|Any CPU
	EndGlobalSection
	GlobalSection(ProjectConfigurationPlatforms) = postSolution
		{3D0091FA-D853-4DDF-82D6-3D228C74514B}.Debug|Any CPU.ActiveCfg = Debug|Any CPU
		{3D0091FA-D853-4DDF-82D6-3D228C74514B}.Debug|Any CPU.Build.0 = Debug|Any CPU
		{3D0091FA-D853-4DDF-82D6-3D228C74514B}.Release|Any CPU.ActiveCfg = Release|Any CPU
		{3D0091FA-D853-4DDF-82D6-3D228C74514B}.Release|Any CPU.Build.0 = Release|Any CPU
	EndGlobalSection
	GlobalSection(SolutionProperties) = preSolution
		HideSolutionNode = FALSE
	EndGlobalSection
EndGlobal
